// !$*UTF8*$!
{
	archiveVersion = 1;
	classes = {
	};
	objectVersion = 50;
	objects = {

/* Begin PBXBuildFile section */
		1393BB2A241D60DD004703DD /* AppDelegate.swift in Sources */ = {isa = PBXBuildFile; fileRef = 1393BB29241D60DD004703DD /* AppDelegate.swift */; };
		1393BB2E241D60DD004703DD /* ViewController.swift in Sources */ = {isa = PBXBuildFile; fileRef = 1393BB2D241D60DD004703DD /* ViewController.swift */; };
		1393BB31241D60DD004703DD /* Main.storyboard in Resources */ = {isa = PBXBuildFile; fileRef = 1393BB2F241D60DD004703DD /* Main.storyboard */; };
		1393BB33241D60DF004703DD /* Assets.xcassets in Resources */ = {isa = PBXBuildFile; fileRef = 1393BB32241D60DF004703DD /* Assets.xcassets */; };
		1393BB36241D60DF004703DD /* LaunchScreen.storyboard in Resources */ = {isa = PBXBuildFile; fileRef = 1393BB34241D60DF004703DD /* LaunchScreen.storyboard */; };
		1393BB41241D60DF004703DD /* SummitTests.swift in Sources */ = {isa = PBXBuildFile; fileRef = 1393BB40241D60DF004703DD /* SummitTests.swift */; };
		1393BB4C241D60DF004703DD /* SummitUITests.swift in Sources */ = {isa = PBXBuildFile; fileRef = 1393BB4B241D60DF004703DD /* SummitUITests.swift */; };
		1393BB5C241D64E3004703DD /* Alamofire.framework in Frameworks */ = {isa = PBXBuildFile; fileRef = 1393BB5B241D64E3004703DD /* Alamofire.framework */; };
		1393BB63241D75AA004703DD /* SwiftKeychainWrapper.framework in Frameworks */ = {isa = PBXBuildFile; fileRef = 1393BB62241D75AA004703DD /* SwiftKeychainWrapper.framework */; };
		1393BB66241D7632004703DD /* RestConstants.swift in Sources */ = {isa = PBXBuildFile; fileRef = 1393BB65241D7632004703DD /* RestConstants.swift */; };
		1393BB68241D780E004703DD /* RestClientLogin.swift in Sources */ = {isa = PBXBuildFile; fileRef = 1393BB67241D780E004703DD /* RestClientLogin.swift */; };
		1393BB6B241D7ADB004703DD /* User.swift in Sources */ = {isa = PBXBuildFile; fileRef = 1393BB6A241D7ADB004703DD /* User.swift */; };
		1393BB6D241D8440004703DD /* RestClientGeneral.swift in Sources */ = {isa = PBXBuildFile; fileRef = 1393BB6C241D8440004703DD /* RestClientGeneral.swift */; };
		1393BB6F241D878F004703DD /* JsonFactory.swift in Sources */ = {isa = PBXBuildFile; fileRef = 1393BB6E241D878F004703DD /* JsonFactory.swift */; };
		1393BB71241DBA51004703DD /* SnapKit.framework in Frameworks */ = {isa = PBXBuildFile; fileRef = 1393BB70241DBA51004703DD /* SnapKit.framework */; };
		1393BB75241DBE2B004703DD /* GenericViewController.swift in Sources */ = {isa = PBXBuildFile; fileRef = 1393BB74241DBE2B004703DD /* GenericViewController.swift */; };
		1393BB77241DC0F1004703DD /* SplashScreenViewController.swift in Sources */ = {isa = PBXBuildFile; fileRef = 1393BB76241DC0F1004703DD /* SplashScreenViewController.swift */; };
		1393BB7B241DC18C004703DD /* SplashScreenView.swift in Sources */ = {isa = PBXBuildFile; fileRef = 1393BB7A241DC18C004703DD /* SplashScreenView.swift */; };
/* End PBXBuildFile section */

/* Begin PBXContainerItemProxy section */
		1393BB3D241D60DF004703DD /* PBXContainerItemProxy */ = {
			isa = PBXContainerItemProxy;
			containerPortal = 1393BB1E241D60DD004703DD /* Project object */;
			proxyType = 1;
			remoteGlobalIDString = 1393BB25241D60DD004703DD;
			remoteInfo = Summit;
		};
		1393BB48241D60DF004703DD /* PBXContainerItemProxy */ = {
			isa = PBXContainerItemProxy;
			containerPortal = 1393BB1E241D60DD004703DD /* Project object */;
			proxyType = 1;
			remoteGlobalIDString = 1393BB25241D60DD004703DD;
			remoteInfo = Summit;
		};
/* End PBXContainerItemProxy section */

/* Begin PBXFileReference section */
		1393BB26241D60DD004703DD /* Summit.app */ = {isa = PBXFileReference; explicitFileType = wrapper.application; includeInIndex = 0; path = Summit.app; sourceTree = BUILT_PRODUCTS_DIR; };
		1393BB29241D60DD004703DD /* AppDelegate.swift */ = {isa = PBXFileReference; lastKnownFileType = sourcecode.swift; path = AppDelegate.swift; sourceTree = "<group>"; };
		1393BB2D241D60DD004703DD /* ViewController.swift */ = {isa = PBXFileReference; lastKnownFileType = sourcecode.swift; path = ViewController.swift; sourceTree = "<group>"; };
		1393BB30241D60DD004703DD /* Base */ = {isa = PBXFileReference; lastKnownFileType = file.storyboard; name = Base; path = Base.lproj/Main.storyboard; sourceTree = "<group>"; };
		1393BB32241D60DF004703DD /* Assets.xcassets */ = {isa = PBXFileReference; lastKnownFileType = folder.assetcatalog; path = Assets.xcassets; sourceTree = "<group>"; };
		1393BB35241D60DF004703DD /* Base */ = {isa = PBXFileReference; lastKnownFileType = file.storyboard; name = Base; path = Base.lproj/LaunchScreen.storyboard; sourceTree = "<group>"; };
		1393BB37241D60DF004703DD /* Info.plist */ = {isa = PBXFileReference; lastKnownFileType = text.plist.xml; path = Info.plist; sourceTree = "<group>"; };
		1393BB3C241D60DF004703DD /* SummitTests.xctest */ = {isa = PBXFileReference; explicitFileType = wrapper.cfbundle; includeInIndex = 0; path = SummitTests.xctest; sourceTree = BUILT_PRODUCTS_DIR; };
		1393BB40241D60DF004703DD /* SummitTests.swift */ = {isa = PBXFileReference; lastKnownFileType = sourcecode.swift; path = SummitTests.swift; sourceTree = "<group>"; };
		1393BB42241D60DF004703DD /* Info.plist */ = {isa = PBXFileReference; lastKnownFileType = text.plist.xml; path = Info.plist; sourceTree = "<group>"; };
		1393BB47241D60DF004703DD /* SummitUITests.xctest */ = {isa = PBXFileReference; explicitFileType = wrapper.cfbundle; includeInIndex = 0; path = SummitUITests.xctest; sourceTree = BUILT_PRODUCTS_DIR; };
		1393BB4B241D60DF004703DD /* SummitUITests.swift */ = {isa = PBXFileReference; lastKnownFileType = sourcecode.swift; path = SummitUITests.swift; sourceTree = "<group>"; };
		1393BB4D241D60DF004703DD /* Info.plist */ = {isa = PBXFileReference; lastKnownFileType = text.plist.xml; path = Info.plist; sourceTree = "<group>"; };
		1393BB5B241D64E3004703DD /* Alamofire.framework */ = {isa = PBXFileReference; lastKnownFileType = wrapper.framework; name = Alamofire.framework; path = Carthage/Build/iOS/Alamofire.framework; sourceTree = "<group>"; };
		1393BB62241D75AA004703DD /* SwiftKeychainWrapper.framework */ = {isa = PBXFileReference; lastKnownFileType = wrapper.framework; name = SwiftKeychainWrapper.framework; path = Carthage/Build/iOS/SwiftKeychainWrapper.framework; sourceTree = "<group>"; };
		1393BB65241D7632004703DD /* RestConstants.swift */ = {isa = PBXFileReference; lastKnownFileType = sourcecode.swift; path = RestConstants.swift; sourceTree = "<group>"; };
		1393BB67241D780E004703DD /* RestClientLogin.swift */ = {isa = PBXFileReference; lastKnownFileType = sourcecode.swift; path = RestClientLogin.swift; sourceTree = "<group>"; };
		1393BB6A241D7ADB004703DD /* User.swift */ = {isa = PBXFileReference; lastKnownFileType = sourcecode.swift; path = User.swift; sourceTree = "<group>"; };
		1393BB6C241D8440004703DD /* RestClientGeneral.swift */ = {isa = PBXFileReference; lastKnownFileType = sourcecode.swift; path = RestClientGeneral.swift; sourceTree = "<group>"; };
		1393BB6E241D878F004703DD /* JsonFactory.swift */ = {isa = PBXFileReference; lastKnownFileType = sourcecode.swift; path = JsonFactory.swift; sourceTree = "<group>"; };
		1393BB70241DBA51004703DD /* SnapKit.framework */ = {isa = PBXFileReference; lastKnownFileType = wrapper.framework; name = SnapKit.framework; path = Carthage/Build/iOS/SnapKit.framework; sourceTree = "<group>"; };
		1393BB74241DBE2B004703DD /* GenericViewController.swift */ = {isa = PBXFileReference; lastKnownFileType = sourcecode.swift; path = GenericViewController.swift; sourceTree = "<group>"; };
		1393BB76241DC0F1004703DD /* SplashScreenViewController.swift */ = {isa = PBXFileReference; lastKnownFileType = sourcecode.swift; path = SplashScreenViewController.swift; sourceTree = "<group>"; };
		1393BB7A241DC18C004703DD /* SplashScreenView.swift */ = {isa = PBXFileReference; lastKnownFileType = sourcecode.swift; path = SplashScreenView.swift; sourceTree = "<group>"; };
/* End PBXFileReference section */

/* Begin PBXFrameworksBuildPhase section */
		1393BB23241D60DD004703DD /* Frameworks */ = {
			isa = PBXFrameworksBuildPhase;
			buildActionMask = 2147483647;
			files = (
				1393BB71241DBA51004703DD /* SnapKit.framework in Frameworks */,
				1393BB63241D75AA004703DD /* SwiftKeychainWrapper.framework in Frameworks */,
				1393BB5C241D64E3004703DD /* Alamofire.framework in Frameworks */,
			);
			runOnlyForDeploymentPostprocessing = 0;
		};
		1393BB39241D60DF004703DD /* Frameworks */ = {
			isa = PBXFrameworksBuildPhase;
			buildActionMask = 2147483647;
			files = (
			);
			runOnlyForDeploymentPostprocessing = 0;
		};
		1393BB44241D60DF004703DD /* Frameworks */ = {
			isa = PBXFrameworksBuildPhase;
			buildActionMask = 2147483647;
			files = (
			);
			runOnlyForDeploymentPostprocessing = 0;
		};
/* End PBXFrameworksBuildPhase section */

/* Begin PBXGroup section */
		1393BB1D241D60DD004703DD = {
			isa = PBXGroup;
			children = (
				1393BB28241D60DD004703DD /* Summit */,
				1393BB3F241D60DF004703DD /* SummitTests */,
				1393BB4A241D60DF004703DD /* SummitUITests */,
				1393BB27241D60DD004703DD /* Products */,
				1393BB5A241D64E3004703DD /* Frameworks */,
			);
			sourceTree = "<group>";
		};
		1393BB27241D60DD004703DD /* Products */ = {
			isa = PBXGroup;
			children = (
				1393BB26241D60DD004703DD /* Summit.app */,
				1393BB3C241D60DF004703DD /* SummitTests.xctest */,
				1393BB47241D60DF004703DD /* SummitUITests.xctest */,
			);
			name = Products;
			sourceTree = "<group>";
		};
		1393BB28241D60DD004703DD /* Summit */ = {
			isa = PBXGroup;
			children = (
				1393BB78241DC177004703DD /* Views */,
				1393BB72241DBE11004703DD /* ViewControllers */,
				1393BB69241D7AD4004703DD /* Models */,
				1393BB64241D7615004703DD /* RestClient */,
				1393BB5D241D6739004703DD /* Utilities */,
				1393BB29241D60DD004703DD /* AppDelegate.swift */,
				1393BB2D241D60DD004703DD /* ViewController.swift */,
				1393BB2F241D60DD004703DD /* Main.storyboard */,
				1393BB32241D60DF004703DD /* Assets.xcassets */,
				1393BB34241D60DF004703DD /* LaunchScreen.storyboard */,
				1393BB37241D60DF004703DD /* Info.plist */,
			);
			path = Summit;
			sourceTree = "<group>";
		};
		1393BB3F241D60DF004703DD /* SummitTests */ = {
			isa = PBXGroup;
			children = (
				1393BB40241D60DF004703DD /* SummitTests.swift */,
				1393BB42241D60DF004703DD /* Info.plist */,
			);
			path = SummitTests;
			sourceTree = "<group>";
		};
		1393BB4A241D60DF004703DD /* SummitUITests */ = {
			isa = PBXGroup;
			children = (
				1393BB4B241D60DF004703DD /* SummitUITests.swift */,
				1393BB4D241D60DF004703DD /* Info.plist */,
			);
			path = SummitUITests;
			sourceTree = "<group>";
		};
		1393BB5A241D64E3004703DD /* Frameworks */ = {
			isa = PBXGroup;
			children = (
				1393BB70241DBA51004703DD /* SnapKit.framework */,
				1393BB62241D75AA004703DD /* SwiftKeychainWrapper.framework */,
				1393BB5B241D64E3004703DD /* Alamofire.framework */,
			);
			name = Frameworks;
			sourceTree = "<group>";
		};
		1393BB5D241D6739004703DD /* Utilities */ = {
			isa = PBXGroup;
			children = (
			);
			path = Utilities;
			sourceTree = "<group>";
		};
		1393BB64241D7615004703DD /* RestClient */ = {
			isa = PBXGroup;
			children = (
				1393BB65241D7632004703DD /* RestConstants.swift */,
				1393BB67241D780E004703DD /* RestClientLogin.swift */,
				1393BB6C241D8440004703DD /* RestClientGeneral.swift */,
				1393BB6E241D878F004703DD /* JsonFactory.swift */,
			);
			path = RestClient;
			sourceTree = "<group>";
		};
		1393BB69241D7AD4004703DD /* Models */ = {
			isa = PBXGroup;
			children = (
				1393BB6A241D7ADB004703DD /* User.swift */,
			);
			path = Models;
			sourceTree = "<group>";
		};
		1393BB72241DBE11004703DD /* ViewControllers */ = {
			isa = PBXGroup;
			children = (
				1393BB73241DBE1E004703DD /* Generic */,
			);
			path = ViewControllers;
			sourceTree = "<group>";
		};
		1393BB73241DBE1E004703DD /* Generic */ = {
			isa = PBXGroup;
			children = (
				1393BB74241DBE2B004703DD /* GenericViewController.swift */,
				1393BB76241DC0F1004703DD /* SplashScreenViewController.swift */,
			);
			path = Generic;
			sourceTree = "<group>";
		};
		1393BB78241DC177004703DD /* Views */ = {
			isa = PBXGroup;
			children = (
				1393BB79241DC180004703DD /* SplashScreen */,
			);
			path = Views;
			sourceTree = "<group>";
		};
		1393BB79241DC180004703DD /* SplashScreen */ = {
			isa = PBXGroup;
			children = (
				1393BB7A241DC18C004703DD /* SplashScreenView.swift */,
			);
			path = SplashScreen;
			sourceTree = "<group>";
		};
/* End PBXGroup section */

/* Begin PBXNativeTarget section */
		1393BB25241D60DD004703DD /* Summit */ = {
			isa = PBXNativeTarget;
			buildConfigurationList = 1393BB50241D60DF004703DD /* Build configuration list for PBXNativeTarget "Summit" */;
			buildPhases = (
				1393BB22241D60DD004703DD /* Sources */,
				1393BB23241D60DD004703DD /* Frameworks */,
				1393BB24241D60DD004703DD /* Resources */,
				1393BB59241D647E004703DD /* Copy Carthage Frameworks */,
			);
			buildRules = (
			);
			dependencies = (
			);
			name = Summit;
			productName = Summit;
			productReference = 1393BB26241D60DD004703DD /* Summit.app */;
			productType = "com.apple.product-type.application";
		};
		1393BB3B241D60DF004703DD /* SummitTests */ = {
			isa = PBXNativeTarget;
			buildConfigurationList = 1393BB53241D60DF004703DD /* Build configuration list for PBXNativeTarget "SummitTests" */;
			buildPhases = (
				1393BB38241D60DF004703DD /* Sources */,
				1393BB39241D60DF004703DD /* Frameworks */,
				1393BB3A241D60DF004703DD /* Resources */,
			);
			buildRules = (
			);
			dependencies = (
				1393BB3E241D60DF004703DD /* PBXTargetDependency */,
			);
			name = SummitTests;
			productName = SummitTests;
			productReference = 1393BB3C241D60DF004703DD /* SummitTests.xctest */;
			productType = "com.apple.product-type.bundle.unit-test";
		};
		1393BB46241D60DF004703DD /* SummitUITests */ = {
			isa = PBXNativeTarget;
			buildConfigurationList = 1393BB56241D60DF004703DD /* Build configuration list for PBXNativeTarget "SummitUITests" */;
			buildPhases = (
				1393BB43241D60DF004703DD /* Sources */,
				1393BB44241D60DF004703DD /* Frameworks */,
				1393BB45241D60DF004703DD /* Resources */,
			);
			buildRules = (
			);
			dependencies = (
				1393BB49241D60DF004703DD /* PBXTargetDependency */,
			);
			name = SummitUITests;
			productName = SummitUITests;
			productReference = 1393BB47241D60DF004703DD /* SummitUITests.xctest */;
			productType = "com.apple.product-type.bundle.ui-testing";
		};
/* End PBXNativeTarget section */

/* Begin PBXProject section */
		1393BB1E241D60DD004703DD /* Project object */ = {
			isa = PBXProject;
			attributes = {
				LastSwiftUpdateCheck = 1130;
				LastUpgradeCheck = 1130;
				ORGANIZATIONNAME = "Reagan Wood";
				TargetAttributes = {
					1393BB25241D60DD004703DD = {
						CreatedOnToolsVersion = 11.3.1;
					};
					1393BB3B241D60DF004703DD = {
						CreatedOnToolsVersion = 11.3.1;
						TestTargetID = 1393BB25241D60DD004703DD;
					};
					1393BB46241D60DF004703DD = {
						CreatedOnToolsVersion = 11.3.1;
						TestTargetID = 1393BB25241D60DD004703DD;
					};
				};
			};
			buildConfigurationList = 1393BB21241D60DD004703DD /* Build configuration list for PBXProject "Summit" */;
			compatibilityVersion = "Xcode 9.3";
			developmentRegion = en;
			hasScannedForEncodings = 0;
			knownRegions = (
				en,
				Base,
			);
			mainGroup = 1393BB1D241D60DD004703DD;
			productRefGroup = 1393BB27241D60DD004703DD /* Products */;
			projectDirPath = "";
			projectRoot = "";
			targets = (
				1393BB25241D60DD004703DD /* Summit */,
				1393BB3B241D60DF004703DD /* SummitTests */,
				1393BB46241D60DF004703DD /* SummitUITests */,
			);
		};
/* End PBXProject section */

/* Begin PBXResourcesBuildPhase section */
		1393BB24241D60DD004703DD /* Resources */ = {
			isa = PBXResourcesBuildPhase;
			buildActionMask = 2147483647;
			files = (
				1393BB36241D60DF004703DD /* LaunchScreen.storyboard in Resources */,
				1393BB33241D60DF004703DD /* Assets.xcassets in Resources */,
				1393BB31241D60DD004703DD /* Main.storyboard in Resources */,
			);
			runOnlyForDeploymentPostprocessing = 0;
		};
		1393BB3A241D60DF004703DD /* Resources */ = {
			isa = PBXResourcesBuildPhase;
			buildActionMask = 2147483647;
			files = (
			);
			runOnlyForDeploymentPostprocessing = 0;
		};
		1393BB45241D60DF004703DD /* Resources */ = {
			isa = PBXResourcesBuildPhase;
			buildActionMask = 2147483647;
			files = (
			);
			runOnlyForDeploymentPostprocessing = 0;
		};
/* End PBXResourcesBuildPhase section */

/* Begin PBXShellScriptBuildPhase section */
		1393BB59241D647E004703DD /* Copy Carthage Frameworks */ = {
			isa = PBXShellScriptBuildPhase;
			buildActionMask = 12;
			files = (
			);
			inputFileListPaths = (
			);
			inputPaths = (
				"$(SRCROOT)/Carthage/Build/iOS/Alamofire.framework",
				"$(SRCROOT)/Carthage/Build/iOS/SwiftKeychainWrapper.framework",
				"$(SRCROOT)/Carthage/Build/iOS/SnapKit.framework",
			);
			name = "Copy Carthage Frameworks";
			outputFileListPaths = (
			);
			outputPaths = (
				"$(DERIVED_FILE_DIR)/Carthage/Build/iOS/Alamofire.framework",
				"$(DERIVED_FILE_DIR)/Carthage/Build/iOS/SwiftKeychainWrapper.framework",
				"$(DERIVED_FILE_DIR)/Carthage/Build/iOS/SnapKit.framework",
			);
			runOnlyForDeploymentPostprocessing = 0;
			shellPath = /bin/sh;
			shellScript = "# Type a script or drag a script file from your workspace to insert its path.\n/usr/local/bin/carthage copy-frameworks\n";
		};
/* End PBXShellScriptBuildPhase section */

/* Begin PBXSourcesBuildPhase section */
		1393BB22241D60DD004703DD /* Sources */ = {
			isa = PBXSourcesBuildPhase;
			buildActionMask = 2147483647;
			files = (
				1393BB2E241D60DD004703DD /* ViewController.swift in Sources */,
				1393BB2A241D60DD004703DD /* AppDelegate.swift in Sources */,
				1393BB77241DC0F1004703DD /* SplashScreenViewController.swift in Sources */,
				1393BB75241DBE2B004703DD /* GenericViewController.swift in Sources */,
				1393BB6F241D878F004703DD /* JsonFactory.swift in Sources */,
				1393BB68241D780E004703DD /* RestClientLogin.swift in Sources */,
				1393BB6B241D7ADB004703DD /* User.swift in Sources */,
				1393BB7B241DC18C004703DD /* SplashScreenView.swift in Sources */,
				1393BB66241D7632004703DD /* RestConstants.swift in Sources */,
				1393BB6D241D8440004703DD /* RestClientGeneral.swift in Sources */,
			);
			runOnlyForDeploymentPostprocessing = 0;
		};
		1393BB38241D60DF004703DD /* Sources */ = {
			isa = PBXSourcesBuildPhase;
			buildActionMask = 2147483647;
			files = (
				1393BB41241D60DF004703DD /* SummitTests.swift in Sources */,
			);
			runOnlyForDeploymentPostprocessing = 0;
		};
		1393BB43241D60DF004703DD /* Sources */ = {
			isa = PBXSourcesBuildPhase;
			buildActionMask = 2147483647;
			files = (
				1393BB4C241D60DF004703DD /* SummitUITests.swift in Sources */,
			);
			runOnlyForDeploymentPostprocessing = 0;
		};
/* End PBXSourcesBuildPhase section */

/* Begin PBXTargetDependency section */
		1393BB3E241D60DF004703DD /* PBXTargetDependency */ = {
			isa = PBXTargetDependency;
			target = 1393BB25241D60DD004703DD /* Summit */;
			targetProxy = 1393BB3D241D60DF004703DD /* PBXContainerItemProxy */;
		};
		1393BB49241D60DF004703DD /* PBXTargetDependency */ = {
			isa = PBXTargetDependency;
			target = 1393BB25241D60DD004703DD /* Summit */;
			targetProxy = 1393BB48241D60DF004703DD /* PBXContainerItemProxy */;
		};
/* End PBXTargetDependency section */

/* Begin PBXVariantGroup section */
		1393BB2F241D60DD004703DD /* Main.storyboard */ = {
			isa = PBXVariantGroup;
			children = (
				1393BB30241D60DD004703DD /* Base */,
			);
			name = Main.storyboard;
			sourceTree = "<group>";
		};
		1393BB34241D60DF004703DD /* LaunchScreen.storyboard */ = {
			isa = PBXVariantGroup;
			children = (
				1393BB35241D60DF004703DD /* Base */,
			);
			name = LaunchScreen.storyboard;
			sourceTree = "<group>";
		};
/* End PBXVariantGroup section */

/* Begin XCBuildConfiguration section */
		1393BB4E241D60DF004703DD /* Debug */ = {
			isa = XCBuildConfiguration;
			buildSettings = {
				ALWAYS_SEARCH_USER_PATHS = NO;
				CLANG_ANALYZER_NONNULL = YES;
				CLANG_ANALYZER_NUMBER_OBJECT_CONVERSION = YES_AGGRESSIVE;
				CLANG_CXX_LANGUAGE_STANDARD = "gnu++14";
				CLANG_CXX_LIBRARY = "libc++";
				CLANG_ENABLE_MODULES = YES;
				CLANG_ENABLE_OBJC_ARC = YES;
				CLANG_ENABLE_OBJC_WEAK = YES;
				CLANG_WARN_BLOCK_CAPTURE_AUTORELEASING = YES;
				CLANG_WARN_BOOL_CONVERSION = YES;
				CLANG_WARN_COMMA = YES;
				CLANG_WARN_CONSTANT_CONVERSION = YES;
				CLANG_WARN_DEPRECATED_OBJC_IMPLEMENTATIONS = YES;
				CLANG_WARN_DIRECT_OBJC_ISA_USAGE = YES_ERROR;
				CLANG_WARN_DOCUMENTATION_COMMENTS = YES;
				CLANG_WARN_EMPTY_BODY = YES;
				CLANG_WARN_ENUM_CONVERSION = YES;
				CLANG_WARN_INFINITE_RECURSION = YES;
				CLANG_WARN_INT_CONVERSION = YES;
				CLANG_WARN_NON_LITERAL_NULL_CONVERSION = YES;
				CLANG_WARN_OBJC_IMPLICIT_RETAIN_SELF = YES;
				CLANG_WARN_OBJC_LITERAL_CONVERSION = YES;
				CLANG_WARN_OBJC_ROOT_CLASS = YES_ERROR;
				CLANG_WARN_RANGE_LOOP_ANALYSIS = YES;
				CLANG_WARN_STRICT_PROTOTYPES = YES;
				CLANG_WARN_SUSPICIOUS_MOVE = YES;
				CLANG_WARN_UNGUARDED_AVAILABILITY = YES_AGGRESSIVE;
				CLANG_WARN_UNREACHABLE_CODE = YES;
				CLANG_WARN__DUPLICATE_METHOD_MATCH = YES;
				COPY_PHASE_STRIP = NO;
				DEBUG_INFORMATION_FORMAT = dwarf;
				ENABLE_STRICT_OBJC_MSGSEND = YES;
				ENABLE_TESTABILITY = YES;
				GCC_C_LANGUAGE_STANDARD = gnu11;
				GCC_DYNAMIC_NO_PIC = NO;
				GCC_NO_COMMON_BLOCKS = YES;
				GCC_OPTIMIZATION_LEVEL = 0;
				GCC_PREPROCESSOR_DEFINITIONS = (
					"DEBUG=1",
					"$(inherited)",
				);
				GCC_WARN_64_TO_32_BIT_CONVERSION = YES;
				GCC_WARN_ABOUT_RETURN_TYPE = YES_ERROR;
				GCC_WARN_UNDECLARED_SELECTOR = YES;
				GCC_WARN_UNINITIALIZED_AUTOS = YES_AGGRESSIVE;
				GCC_WARN_UNUSED_FUNCTION = YES;
				GCC_WARN_UNUSED_VARIABLE = YES;
				IPHONEOS_DEPLOYMENT_TARGET = 13.2;
				MTL_ENABLE_DEBUG_INFO = INCLUDE_SOURCE;
				MTL_FAST_MATH = YES;
				ONLY_ACTIVE_ARCH = YES;
				SDKROOT = iphoneos;
				SWIFT_ACTIVE_COMPILATION_CONDITIONS = DEBUG;
				SWIFT_OPTIMIZATION_LEVEL = "-Onone";
			};
			name = Debug;
		};
		1393BB4F241D60DF004703DD /* Release */ = {
			isa = XCBuildConfiguration;
			buildSettings = {
				ALWAYS_SEARCH_USER_PATHS = NO;
				CLANG_ANALYZER_NONNULL = YES;
				CLANG_ANALYZER_NUMBER_OBJECT_CONVERSION = YES_AGGRESSIVE;
				CLANG_CXX_LANGUAGE_STANDARD = "gnu++14";
				CLANG_CXX_LIBRARY = "libc++";
				CLANG_ENABLE_MODULES = YES;
				CLANG_ENABLE_OBJC_ARC = YES;
				CLANG_ENABLE_OBJC_WEAK = YES;
				CLANG_WARN_BLOCK_CAPTURE_AUTORELEASING = YES;
				CLANG_WARN_BOOL_CONVERSION = YES;
				CLANG_WARN_COMMA = YES;
				CLANG_WARN_CONSTANT_CONVERSION = YES;
				CLANG_WARN_DEPRECATED_OBJC_IMPLEMENTATIONS = YES;
				CLANG_WARN_DIRECT_OBJC_ISA_USAGE = YES_ERROR;
				CLANG_WARN_DOCUMENTATION_COMMENTS = YES;
				CLANG_WARN_EMPTY_BODY = YES;
				CLANG_WARN_ENUM_CONVERSION = YES;
				CLANG_WARN_INFINITE_RECURSION = YES;
				CLANG_WARN_INT_CONVERSION = YES;
				CLANG_WARN_NON_LITERAL_NULL_CONVERSION = YES;
				CLANG_WARN_OBJC_IMPLICIT_RETAIN_SELF = YES;
				CLANG_WARN_OBJC_LITERAL_CONVERSION = YES;
				CLANG_WARN_OBJC_ROOT_CLASS = YES_ERROR;
				CLANG_WARN_RANGE_LOOP_ANALYSIS = YES;
				CLANG_WARN_STRICT_PROTOTYPES = YES;
				CLANG_WARN_SUSPICIOUS_MOVE = YES;
				CLANG_WARN_UNGUARDED_AVAILABILITY = YES_AGGRESSIVE;
				CLANG_WARN_UNREACHABLE_CODE = YES;
				CLANG_WARN__DUPLICATE_METHOD_MATCH = YES;
				COPY_PHASE_STRIP = NO;
				DEBUG_INFORMATION_FORMAT = "dwarf-with-dsym";
				ENABLE_NS_ASSERTIONS = NO;
				ENABLE_STRICT_OBJC_MSGSEND = YES;
				GCC_C_LANGUAGE_STANDARD = gnu11;
				GCC_NO_COMMON_BLOCKS = YES;
				GCC_WARN_64_TO_32_BIT_CONVERSION = YES;
				GCC_WARN_ABOUT_RETURN_TYPE = YES_ERROR;
				GCC_WARN_UNDECLARED_SELECTOR = YES;
				GCC_WARN_UNINITIALIZED_AUTOS = YES_AGGRESSIVE;
				GCC_WARN_UNUSED_FUNCTION = YES;
				GCC_WARN_UNUSED_VARIABLE = YES;
				IPHONEOS_DEPLOYMENT_TARGET = 13.2;
				MTL_ENABLE_DEBUG_INFO = NO;
				MTL_FAST_MATH = YES;
				SDKROOT = iphoneos;
				SWIFT_COMPILATION_MODE = wholemodule;
				SWIFT_OPTIMIZATION_LEVEL = "-O";
				VALIDATE_PRODUCT = YES;
			};
			name = Release;
		};
		1393BB51241D60DF004703DD /* Debug */ = {
			isa = XCBuildConfiguration;
			buildSettings = {
				ASSETCATALOG_COMPILER_APPICON_NAME = AppIcon;
				CODE_SIGN_STYLE = Automatic;
				FRAMEWORK_SEARCH_PATHS = (
					"$(inherited)",
					"$(PROJECT_DIR)/Carthage/Build/iOS",
				);
				INFOPLIST_FILE = Summit/Info.plist;
				IPHONEOS_DEPLOYMENT_TARGET = 10.0;
				LD_RUNPATH_SEARCH_PATHS = (
					"$(inherited)",
					"@executable_path/Frameworks",
				);
				PRODUCT_BUNDLE_IDENTIFIER = RWSoftware.Summit;
				PRODUCT_NAME = "$(TARGET_NAME)";
				SWIFT_VERSION = 5.0;
				TARGETED_DEVICE_FAMILY = "1,2";
			};
			name = Debug;
		};
		1393BB52241D60DF004703DD /* Release */ = {
			isa = XCBuildConfiguration;
			buildSettings = {
				ASSETCATALOG_COMPILER_APPICON_NAME = AppIcon;
				CODE_SIGN_STYLE = Automatic;
				FRAMEWORK_SEARCH_PATHS = (
					"$(inherited)",
					"$(PROJECT_DIR)/Carthage/Build/iOS",
				);
				INFOPLIST_FILE = Summit/Info.plist;
				IPHONEOS_DEPLOYMENT_TARGET = 10.0;
				LD_RUNPATH_SEARCH_PATHS = (
					"$(inherited)",
					"@executable_path/Frameworks",
				);
				PRODUCT_BUNDLE_IDENTIFIER = RWSoftware.Summit;
				PRODUCT_NAME = "$(TARGET_NAME)";
				SWIFT_VERSION = 5.0;
				TARGETED_DEVICE_FAMILY = "1,2";
			};
			name = Release;
		};
		1393BB54241D60DF004703DD /* Debug */ = {
			isa = XCBuildConfiguration;
			buildSettings = {
				ALWAYS_EMBED_SWIFT_STANDARD_LIBRARIES = YES;
				BUNDLE_LOADER = "$(TEST_HOST)";
				CODE_SIGN_STYLE = Automatic;
				INFOPLIST_FILE = SummitTests/Info.plist;
				IPHONEOS_DEPLOYMENT_TARGET = 13.2;
				LD_RUNPATH_SEARCH_PATHS = (
					"$(inherited)",
					"@executable_path/Frameworks",
					"@loader_path/Frameworks",
				);
				PRODUCT_BUNDLE_IDENTIFIER = RWSoftware.SummitTests;
				PRODUCT_NAME = "$(TARGET_NAME)";
				SWIFT_VERSION = 5.0;
				TARGETED_DEVICE_FAMILY = "1,2";
				TEST_HOST = "$(BUILT_PRODUCTS_DIR)/Summit.app/Summit";
			};
			name = Debug;
		};
		1393BB55241D60DF004703DD /* Release */ = {
			isa = XCBuildConfiguration;
			buildSettings = {
				ALWAYS_EMBED_SWIFT_STANDARD_LIBRARIES = YES;
				BUNDLE_LOADER = "$(TEST_HOST)";
				CODE_SIGN_STYLE = Automatic;
				INFOPLIST_FILE = SummitTests/Info.plist;
				IPHONEOS_DEPLOYMENT_TARGET = 13.2;
				LD_RUNPATH_SEARCH_PATHS = (
					"$(inherited)",
					"@executable_path/Frameworks",
					"@loader_path/Frameworks",
				);
				PRODUCT_BUNDLE_IDENTIFIER = RWSoftware.SummitTests;
				PRODUCT_NAME = "$(TARGET_NAME)";
				SWIFT_VERSION = 5.0;
				TARGETED_DEVICE_FAMILY = "1,2";
				TEST_HOST = "$(BUILT_PRODUCTS_DIR)/Summit.app/Summit";
			};
			name = Release;
		};
		1393BB57241D60DF004703DD /* Debug */ = {
			isa = XCBuildConfiguration;
			buildSettings = {
				ALWAYS_EMBED_SWIFT_STANDARD_LIBRARIES = YES;
				CODE_SIGN_STYLE = Automatic;
				INFOPLIST_FILE = SummitUITests/Info.plist;
				LD_RUNPATH_SEARCH_PATHS = (
					"$(inherited)",
					"@executable_path/Frameworks",
					"@loader_path/Frameworks",
				);
				PRODUCT_BUNDLE_IDENTIFIER = RWSoftware.SummitUITests;
				PRODUCT_NAME = "$(TARGET_NAME)";
				SWIFT_VERSION = 5.0;
				TARGETED_DEVICE_FAMILY = "1,2";
				TEST_TARGET_NAME = Summit;
			};
			name = Debug;
		};
		1393BB58241D60DF004703DD /* Release */ = {
			isa = XCBuildConfiguration;
			buildSettings = {
				ALWAYS_EMBED_SWIFT_STANDARD_LIBRARIES = YES;
				CODE_SIGN_STYLE = Automatic;
				INFOPLIST_FILE = SummitUITests/Info.plist;
				LD_RUNPATH_SEARCH_PATHS = (
					"$(inherited)",
					"@executable_path/Frameworks",
					"@loader_path/Frameworks",
				);
				PRODUCT_BUNDLE_IDENTIFIER = RWSoftware.SummitUITests;
				PRODUCT_NAME = "$(TARGET_NAME)";
				SWIFT_VERSION = 5.0;
				TARGETED_DEVICE_FAMILY = "1,2";
				TEST_TARGET_NAME = Summit;
			};
			name = Release;
		};
/* End XCBuildConfiguration section */

/* Begin XCConfigurationList section */
		1393BB21241D60DD004703DD /* Build configuration list for PBXProject "Summit" */ = {
			isa = XCConfigurationList;
			buildConfigurations = (
				1393BB4E241D60DF004703DD /* Debug */,
				1393BB4F241D60DF004703DD /* Release */,
			);
			defaultConfigurationIsVisible = 0;
			defaultConfigurationName = Release;
		};
		1393BB50241D60DF004703DD /* Build configuration list for PBXNativeTarget "Summit" */ = {
			isa = XCConfigurationList;
			buildConfigurations = (
				1393BB51241D60DF004703DD /* Debug */,
				1393BB52241D60DF004703DD /* Release */,
			);
			defaultConfigurationIsVisible = 0;
			defaultConfigurationName = Release;
		};
		1393BB53241D60DF004703DD /* Build configuration list for PBXNativeTarget "SummitTests" */ = {
			isa = XCConfigurationList;
			buildConfigurations = (
				1393BB54241D60DF004703DD /* Debug */,
				1393BB55241D60DF004703DD /* Release */,
			);
			defaultConfigurationIsVisible = 0;
			defaultConfigurationName = Release;
		};
		1393BB56241D60DF004703DD /* Build configuration list for PBXNativeTarget "SummitUITests" */ = {
			isa = XCConfigurationList;
			buildConfigurations = (
				1393BB57241D60DF004703DD /* Debug */,
				1393BB58241D60DF004703DD /* Release */,
			);
			defaultConfigurationIsVisible = 0;
			defaultConfigurationName = Release;
		};
/* End XCConfigurationList section */
	};
	rootObject = 1393BB1E241D60DD004703DD /* Project object */;
}
